<?xml version="1.0" encoding="utf-8"?>
<Project ToolsVersion="4.0" xmlns="http://schemas.microsoft.com/developer/msbuild/2003">
  <ItemGroup>
    <Filter Include="Source Files">
      <UniqueIdentifier>{4FC737F1-C7A5-4376-A066-2A32D752A2FF}</UniqueIdentifier>
      <Extensions>cpp;c;cc;cxx;def;odl;idl;hpj;bat;asm;asmx</Extensions>
    </Filter>
    <Filter Include="Header Files">
      <UniqueIdentifier>{93995380-89BD-4b04-88EB-625FBE52EBFB}</UniqueIdentifier>
      <Extensions>h;hh;hpp;hxx;hm;inl;inc;ipp;xsd</Extensions>
    </Filter>
    <Filter Include="Resource Files">
      <UniqueIdentifier>{67DA6AB6-F800-4c08-8B7A-83BB121AAD01}</UniqueIdentifier>
      <Extensions>rc;ico;cur;bmp;dlg;rc2;rct;bin;rgs;gif;jpg;jpeg;jpe;resx;tiff;tif;png;wav;mfcribbon-ms</Extensions>
    </Filter>
  </ItemGroup>
  <ItemGroup>
    <ClInclude Include="pch.h">
      <Filter>Header Files</Filter>
    </ClInclude>
    <ClInclude Include="CodeVisitor.h">
      <Filter>Header Files</Filter>
    </ClInclude>
    <ClInclude Include="LoopHandler.h">
      <Filter>Header Files</Filter>
    </ClInclude>
    <ClInclude Include="BackToCode.h">
      <Filter>Header Files</Filter>
    </ClInclude>
    <ClInclude Include="CodeHandler.h">
      <Filter>Header Files</Filter>
    </ClInclude>
    <ClInclude Include="FunctionVisitor.h">
      <Filter>Header Files</Filter>
    </ClInclude>
    <ClInclude Include="NameVisitor.h">
      <Filter>Header Files</Filter>
    </ClInclude>
    <ClInclude Include="StatementOrderVisitor.h">
      <Filter>Header Files</Filter>
    </ClInclude>
    <ClInclude Include="StatementSplitterVisitor.h">
      <Filter>Header Files</Filter>
    </ClInclude>
    <ClInclude Include="UnaryExpressionVisitor.h">
      <Filter>Header Files</Filter>
    </ClInclude>
    <ClInclude Include="AssignmentOperatorVisitor.h">
      <Filter>Header Files</Filter>
    </ClInclude>
  </ItemGroup>
  <ItemGroup>
    <ClCompile Include="pch.cpp">
      <Filter>Source Files</Filter>
    </ClCompile>
    <ClCompile Include="ECOTE.cpp">
      <Filter>Source Files</Filter>
    </ClCompile>
    <ClCompile Include="CodeVisitor.cpp">
      <Filter>Source Files</Filter>
    </ClCompile>
    <ClCompile Include="LoopHandler.cpp">
      <Filter>Source Files</Filter>
    </ClCompile>
    <ClCompile Include="BackToCode.cpp">
      <Filter>Source Files</Filter>
    </ClCompile>
    <ClCompile Include="CodeHandler.cpp">
      <Filter>Source Files</Filter>
    </ClCompile>
    <ClCompile Include="FunctionVisitor.cpp">
      <Filter>Source Files</Filter>
    </ClCompile>
    <ClCompile Include="NameVisitor.cpp">
      <Filter>Source Files</Filter>
    </ClCompile>
    <ClCompile Include="StatementOrderVisitor.cpp">
      <Filter>Source Files</Filter>
    </ClCompile>
    <ClCompile Include="StatementSplitterVisitor.cpp">
      <Filter>Source Files</Filter>
    </ClCompile>
    <ClCompile Include="UnaryExpressionVisitor.cpp">
      <Filter>Source Files</Filter>
    </ClCompile>
    <ClCompile Include="AssignmentOperatorVisitor.cpp">
      <Filter>Source Files</Filter>
    </ClCompile>
  </ItemGroup>
  <ItemGroup>
    <Text Include="..\antlr4-runtime\input.c">
      <Filter>Source Files</Filter>
    </Text>
  </ItemGroup>
</Project>